
Microsoft Visual Studio Solution File, Format Version 12.00
# Visual Studio 15
VisualStudioVersion = 15.0.27428.2037
MinimumVisualStudioVersion = 10.0.40219.1
Project("{9A19103F-16F7-4668-BE54-9A1E7A4F7556}") = "MergeSort", "MergeSort\MergeSort.csproj", "{BAE334AB-227F-4DC1-A6A8-C968F2C7D416}"
EndProject
Project("{9A19103F-16F7-4668-BE54-9A1E7A4F7556}") = "InsertionSort", "InsertionSort\InsertionSort.csproj", "{05AC55BD-DA34-49B4-B7E9-C363EAD5682F}"
EndProject
Project("{9A19103F-16F7-4668-BE54-9A1E7A4F7556}") = "SelectionSort", "SelectionSort\SelectionSort.csproj", "{5E4C3399-AB23-4642-8B12-151053EE7392}"
EndProject
Project("{9A19103F-16F7-4668-BE54-9A1E7A4F7556}") = "ShellSort", "ShellSort\ShellSort.csproj", "{B823051B-AC27-4A54-A05C-8D1F9A9224C6}"
EndProject
Project("{2150E333-8FDC-42A3-9474-1A3956D46DE8}") = "Simple Sorts", "Simple Sorts", "{631592CD-4CE6-4C36-ABF5-B8C9E22A3FA2}"
EndProject
Project("{2150E333-8FDC-42A3-9474-1A3956D46DE8}") = "Efficient Sorts", "Efficient Sorts", "{AAC80CA7-885D-4811-8E8F-2FABA55B3850}"
EndProject
Project("{FAE04EC0-301F-11D3-BF4B-00C04F79EFBC}") = "QuickSort", "QuickSort\QuickSort.csproj", "{047AFAC8-969C-4F2D-A345-9CE457A79ADC}"
EndProject
Project("{FAE04EC0-301F-11D3-BF4B-00C04F79EFBC}") = "HeapSort", "HeapSort\HeapSort.csproj", "{61A207BC-68F2-4E2E-96BF-A678379D2AE5}"
EndProject
Project("{2150E333-8FDC-42A3-9474-1A3956D46DE8}") = "Bubble Sorts and Variant", "Bubble Sorts and Variant", "{A5D4EC05-2602-4B7D-95D9-CAABB2BA0BF1}"
EndProject
Project("{FAE04EC0-301F-11D3-BF4B-00C04F79EFBC}") = "BubbleSort", "BubbleSort\BubbleSort.csproj", "{CA36EBE2-7591-4618-82AD-0B5314EB4359}"
EndProject
Project("{FAE04EC0-301F-11D3-BF4B-00C04F79EFBC}") = "CombSort", "CombSort\CombSort.csproj", "{B4D93DD6-BA2E-4293-94FB-33813FB2D107}"
EndProject
Project("{2150E333-8FDC-42A3-9474-1A3956D46DE8}") = "Distribution Sorts", "Distribution Sorts", "{DAE9E7D9-B833-40AC-A83A-FC3CCF764098}"
EndProject
Project("{FAE04EC0-301F-11D3-BF4B-00C04F79EFBC}") = "RadixSort", "RadixSort\RadixSort.csproj", "{2DDB7846-B2F1-4E10-8C63-21CBDED5A4C0}"
EndProject
Project("{FAE04EC0-301F-11D3-BF4B-00C04F79EFBC}") = "BucketSort", "BucketSort\BucketSort.csproj", "{D862E229-D9B0-4038-A596-F1331CF90D5F}"
EndProject
Global
	GlobalSection(SolutionConfigurationPlatforms) = preSolution
		Debug|Any CPU = Debug|Any CPU
		Release|Any CPU = Release|Any CPU
	EndGlobalSection
	GlobalSection(ProjectConfigurationPlatforms) = postSolution
		{BAE334AB-227F-4DC1-A6A8-C968F2C7D416}.Debug|Any CPU.ActiveCfg = Debug|Any CPU
		{BAE334AB-227F-4DC1-A6A8-C968F2C7D416}.Debug|Any CPU.Build.0 = Debug|Any CPU
		{BAE334AB-227F-4DC1-A6A8-C968F2C7D416}.Release|Any CPU.ActiveCfg = Release|Any CPU
		{BAE334AB-227F-4DC1-A6A8-C968F2C7D416}.Release|Any CPU.Build.0 = Release|Any CPU
		{05AC55BD-DA34-49B4-B7E9-C363EAD5682F}.Debug|Any CPU.ActiveCfg = Debug|Any CPU
		{05AC55BD-DA34-49B4-B7E9-C363EAD5682F}.Debug|Any CPU.Build.0 = Debug|Any CPU
		{05AC55BD-DA34-49B4-B7E9-C363EAD5682F}.Release|Any CPU.ActiveCfg = Release|Any CPU
		{05AC55BD-DA34-49B4-B7E9-C363EAD5682F}.Release|Any CPU.Build.0 = Release|Any CPU
		{5E4C3399-AB23-4642-8B12-151053EE7392}.Debug|Any CPU.ActiveCfg = Debug|Any CPU
		{5E4C3399-AB23-4642-8B12-151053EE7392}.Debug|Any CPU.Build.0 = Debug|Any CPU
		{5E4C3399-AB23-4642-8B12-151053EE7392}.Release|Any CPU.ActiveCfg = Release|Any CPU
		{5E4C3399-AB23-4642-8B12-151053EE7392}.Release|Any CPU.Build.0 = Release|Any CPU
		{B823051B-AC27-4A54-A05C-8D1F9A9224C6}.Debug|Any CPU.ActiveCfg = Debug|Any CPU
		{B823051B-AC27-4A54-A05C-8D1F9A9224C6}.Debug|Any CPU.Build.0 = Debug|Any CPU
		{B823051B-AC27-4A54-A05C-8D1F9A9224C6}.Release|Any CPU.ActiveCfg = Release|Any CPU
		{B823051B-AC27-4A54-A05C-8D1F9A9224C6}.Release|Any CPU.Build.0 = Release|Any CPU
		{047AFAC8-969C-4F2D-A345-9CE457A79ADC}.Debug|Any CPU.ActiveCfg = Debug|Any CPU
		{047AFAC8-969C-4F2D-A345-9CE457A79ADC}.Debug|Any CPU.Build.0 = Debug|Any CPU
		{047AFAC8-969C-4F2D-A345-9CE457A79ADC}.Release|Any CPU.ActiveCfg = Release|Any CPU
		{047AFAC8-969C-4F2D-A345-9CE457A79ADC}.Release|Any CPU.Build.0 = Release|Any CPU
		{61A207BC-68F2-4E2E-96BF-A678379D2AE5}.Debug|Any CPU.ActiveCfg = Debug|Any CPU
		{61A207BC-68F2-4E2E-96BF-A678379D2AE5}.Debug|Any CPU.Build.0 = Debug|Any CPU
		{61A207BC-68F2-4E2E-96BF-A678379D2AE5}.Release|Any CPU.ActiveCfg = Release|Any CPU
		{61A207BC-68F2-4E2E-96BF-A678379D2AE5}.Release|Any CPU.Build.0 = Release|Any CPU
		{CA36EBE2-7591-4618-82AD-0B5314EB4359}.Debug|Any CPU.ActiveCfg = Debug|Any CPU
		{CA36EBE2-7591-4618-82AD-0B5314EB4359}.Debug|Any CPU.Build.0 = Debug|Any CPU
		{CA36EBE2-7591-4618-82AD-0B5314EB4359}.Release|Any CPU.ActiveCfg = Release|Any CPU
		{CA36EBE2-7591-4618-82AD-0B5314EB4359}.Release|Any CPU.Build.0 = Release|Any CPU
		{B4D93DD6-BA2E-4293-94FB-33813FB2D107}.Debug|Any CPU.ActiveCfg = Debug|Any CPU
		{B4D93DD6-BA2E-4293-94FB-33813FB2D107}.Debug|Any CPU.Build.0 = Debug|Any CPU
		{B4D93DD6-BA2E-4293-94FB-33813FB2D107}.Release|Any CPU.ActiveCfg = Release|Any CPU
		{B4D93DD6-BA2E-4293-94FB-33813FB2D107}.Release|Any CPU.Build.0 = Release|Any CPU
		{2DDB7846-B2F1-4E10-8C63-21CBDED5A4C0}.Debug|Any CPU.ActiveCfg = Debug|Any CPU
		{2DDB7846-B2F1-4E10-8C63-21CBDED5A4C0}.Debug|Any CPU.Build.0 = Debug|Any CPU
		{2DDB7846-B2F1-4E10-8C63-21CBDED5A4C0}.Release|Any CPU.ActiveCfg = Release|Any CPU
		{2DDB7846-B2F1-4E10-8C63-21CBDED5A4C0}.Release|Any CPU.Build.0 = Release|Any CPU
		{D862E229-D9B0-4038-A596-F1331CF90D5F}.Debug|Any CPU.ActiveCfg = Debug|Any CPU
		{D862E229-D9B0-4038-A596-F1331CF90D5F}.Debug|Any CPU.Build.0 = Debug|Any CPU
		{D862E229-D9B0-4038-A596-F1331CF90D5F}.Release|Any CPU.ActiveCfg = Release|Any CPU
		{D862E229-D9B0-4038-A596-F1331CF90D5F}.Release|Any CPU.Build.0 = Release|Any CPU
	EndGlobalSection
	GlobalSection(SolutionProperties) = preSolution
		HideSolutionNode = FALSE
	EndGlobalSection
	GlobalSection(NestedProjects) = preSolution
		{BAE334AB-227F-4DC1-A6A8-C968F2C7D416} = {AAC80CA7-885D-4811-8E8F-2FABA55B3850}
		{05AC55BD-DA34-49B4-B7E9-C363EAD5682F} = {631592CD-4CE6-4C36-ABF5-B8C9E22A3FA2}
		{5E4C3399-AB23-4642-8B12-151053EE7392} = {631592CD-4CE6-4C36-ABF5-B8C9E22A3FA2}
		{B823051B-AC27-4A54-A05C-8D1F9A9224C6} = {A5D4EC05-2602-4B7D-95D9-CAABB2BA0BF1}
		{047AFAC8-969C-4F2D-A345-9CE457A79ADC} = {AAC80CA7-885D-4811-8E8F-2FABA55B3850}
		{61A207BC-68F2-4E2E-96BF-A678379D2AE5} = {AAC80CA7-885D-4811-8E8F-2FABA55B3850}
		{CA36EBE2-7591-4618-82AD-0B5314EB4359} = {A5D4EC05-2602-4B7D-95D9-CAABB2BA0BF1}
		{B4D93DD6-BA2E-4293-94FB-33813FB2D107} = {A5D4EC05-2602-4B7D-95D9-CAABB2BA0BF1}
		{2DDB7846-B2F1-4E10-8C63-21CBDED5A4C0} = {DAE9E7D9-B833-40AC-A83A-FC3CCF764098}
		{D862E229-D9B0-4038-A596-F1331CF90D5F} = {DAE9E7D9-B833-40AC-A83A-FC3CCF764098}
	EndGlobalSection
	GlobalSection(ExtensibilityGlobals) = postSolution
		SolutionGuid = {FD2789A2-7286-44B7-B857-7ABFD0D2B9C1}
	EndGlobalSection
EndGlobal
