
Microsoft Visual Studio Solution File, Format Version 12.00
# Visual Studio 15
VisualStudioVersion = 15.0.27428.2037
MinimumVisualStudioVersion = 10.0.40219.1
Project("{9A19103F-16F7-4668-BE54-9A1E7A4F7556}") = "Breadth-FirstSearch", "Breadth-FirstSearch.csproj", "{AFA06775-646D-4EDE-BC7B-AB1BC959ADE4}"
EndProject
Global
	GlobalSection(SolutionConfigurationPlatforms) = preSolution
		Debug|Any CPU = Debug|Any CPU
		Release|Any CPU = Release|Any CPU
	EndGlobalSection
	GlobalSection(ProjectConfigurationPlatforms) = postSolution
		{AFA06775-646D-4EDE-BC7B-AB1BC959ADE4}.Debug|Any CPU.ActiveCfg = Debug|Any CPU
		{AFA06775-646D-4EDE-BC7B-AB1BC959ADE4}.Debug|Any CPU.Build.0 = Debug|Any CPU
		{AFA06775-646D-4EDE-BC7B-AB1BC959ADE4}.Release|Any CPU.ActiveCfg = Release|Any CPU
		{AFA06775-646D-4EDE-BC7B-AB1BC959ADE4}.Release|Any CPU.Build.0 = Release|Any CPU
	EndGlobalSection
	GlobalSection(SolutionProperties) = preSolution
		HideSolutionNode = FALSE
	EndGlobalSection
	GlobalSection(ExtensibilityGlobals) = postSolution
		SolutionGuid = {66C908F4-2B19-47DB-A2B7-907467E0CF51}
	EndGlobalSection
EndGlobal
