
Microsoft Visual Studio Solution File, Format Version 12.00
# Visual Studio 15
VisualStudioVersion = 15.0.27428.2037
MinimumVisualStudioVersion = 10.0.40219.1
Project("{9A19103F-16F7-4668-BE54-9A1E7A4F7556}") = "LinearSearch", "LinearSearch.csproj", "{3830F35D-FF45-481C-AFC0-FDB9E5F8F9FB}"
EndProject
Global
	GlobalSection(SolutionConfigurationPlatforms) = preSolution
		Debug|Any CPU = Debug|Any CPU
		Release|Any CPU = Release|Any CPU
	EndGlobalSection
	GlobalSection(ProjectConfigurationPlatforms) = postSolution
		{3830F35D-FF45-481C-AFC0-FDB9E5F8F9FB}.Debug|Any CPU.ActiveCfg = Debug|Any CPU
		{3830F35D-FF45-481C-AFC0-FDB9E5F8F9FB}.Debug|Any CPU.Build.0 = Debug|Any CPU
		{3830F35D-FF45-481C-AFC0-FDB9E5F8F9FB}.Release|Any CPU.ActiveCfg = Release|Any CPU
		{3830F35D-FF45-481C-AFC0-FDB9E5F8F9FB}.Release|Any CPU.Build.0 = Release|Any CPU
	EndGlobalSection
	GlobalSection(SolutionProperties) = preSolution
		HideSolutionNode = FALSE
	EndGlobalSection
	GlobalSection(ExtensibilityGlobals) = postSolution
		SolutionGuid = {3EE04B79-6AB8-464F-B798-A40F9D6BC28B}
	EndGlobalSection
EndGlobal
